
Microsoft Visual Studio Solution File, Format Version 12.00
# Visual Studio 15
VisualStudioVersion = 15.0.27130.2027
MinimumVisualStudioVersion = 10.0.40219.1
Project("{9A19103F-16F7-4668-BE54-9A1E7A4F7556}") = "X4D.Diagnostics", "X4D.Diagnostics\X4D.Diagnostics.csproj", "{F902ABEA-D098-4AEB-A9FF-F56CB75F9CCA}"
EndProject
Project("{9A19103F-16F7-4668-BE54-9A1E7A4F7556}") = "X4D.Diagnostics.Test", "X4D.Diagnostics.Test\X4D.Diagnostics.Test.csproj", "{B2C40E1E-A763-4EB7-B8D4-BAE0F383F66E}"
EndProject
Project("{9A19103F-16F7-4668-BE54-9A1E7A4F7556}") = "X4D.Diagnostics.Counters", "X4D.Diagnostics.Counters\X4D.Diagnostics.Counters.csproj", "{C65D4BCE-BA6F-4447-931D-10E1237B573A}"
EndProject
Project("{2150E333-8FDC-42A3-9474-1A3956D46DE8}") = "Solution Items", "Solution Items", "{196A6F17-1689-49F6-BECB-F03E0103C364}"
	ProjectSection(SolutionItems) = preProject
		README.md = README.md
	EndProjectSection
EndProject
Project("{9A19103F-16F7-4668-BE54-9A1E7A4F7556}") = "X4D.Diagnostics.Benchmark", "X4D.Diagnostics.Benchmark\X4D.Diagnostics.Benchmark.csproj", "{081E5B3C-EC9B-4D05-899B-8B5976F81AEF}"
EndProject
Project("{9A19103F-16F7-4668-BE54-9A1E7A4F7556}") = "X4D.Diagnostics.Configuration", "X4D.Diagnostics.Configuration\X4D.Diagnostics.Configuration.csproj", "{21B345EB-4DE5-44C9-86EF-B95A4858D221}"
EndProject
Project("{2150E333-8FDC-42A3-9474-1A3956D46DE8}") = "TraceListeners", "TraceListeners", "{3002D5C5-7BC3-4BD5-98CB-020B9DE7B802}"
EndProject
Project("{9A19103F-16F7-4668-BE54-9A1E7A4F7556}") = "X4D.Diagnostics.JsonTextWriterTraceListener", "TraceListeners\X4D.Diagnostics.JsonTextWriterTraceListener\X4D.Diagnostics.JsonTextWriterTraceListener.csproj", "{7FDB271D-CD7E-49A9-BE6F-7D9AC447D29D}"
EndProject
Project("{9A19103F-16F7-4668-BE54-9A1E7A4F7556}") = "X4D.Diagnostics.UdpJsonTraceListener", "TraceListeners\X4D.Diagnostics.UdpJsonTraceListener\X4D.Diagnostics.UdpJsonTraceListener.csproj", "{0792E390-0394-4AA9-865E-4603D1C65071}"
EndProject
Project("{9A19103F-16F7-4668-BE54-9A1E7A4F7556}") = "X4D.Diagnostics.ConsoleTraceListener", "X4D.Diagnostics.ConsoleTraceListener\X4D.Diagnostics.ConsoleTraceListener.csproj", "{C6BB4141-1FD2-4BD3-B0C9-6E53EF05EF6A}"
EndProject
Project("{9A19103F-16F7-4668-BE54-9A1E7A4F7556}") = "X4D.Diagnostics.ConsoleJsonTraceListener", "X4D.Diagnostics.ConsoleJsonTraceListener\X4D.Diagnostics.ConsoleJsonTraceListener.csproj", "{165C15BC-6484-490F-AB52-077BF7921DDF}"
EndProject
Project("{9A19103F-16F7-4668-BE54-9A1E7A4F7556}") = "X4D.Diagnostics.TraceListeners", "X4D.Diagnostics.TraceListeners\X4D.Diagnostics.TraceListeners.csproj", "{3FC4B785-8183-4433-990F-611197E8D821}"
EndProject
Global
	GlobalSection(SolutionConfigurationPlatforms) = preSolution
		Debug|Any CPU = Debug|Any CPU
		Release|Any CPU = Release|Any CPU
	EndGlobalSection
	GlobalSection(ProjectConfigurationPlatforms) = postSolution
		{F902ABEA-D098-4AEB-A9FF-F56CB75F9CCA}.Debug|Any CPU.ActiveCfg = Debug|Any CPU
		{F902ABEA-D098-4AEB-A9FF-F56CB75F9CCA}.Debug|Any CPU.Build.0 = Debug|Any CPU
		{F902ABEA-D098-4AEB-A9FF-F56CB75F9CCA}.Release|Any CPU.ActiveCfg = Release|Any CPU
		{F902ABEA-D098-4AEB-A9FF-F56CB75F9CCA}.Release|Any CPU.Build.0 = Release|Any CPU
		{B2C40E1E-A763-4EB7-B8D4-BAE0F383F66E}.Debug|Any CPU.ActiveCfg = Debug|Any CPU
		{B2C40E1E-A763-4EB7-B8D4-BAE0F383F66E}.Debug|Any CPU.Build.0 = Debug|Any CPU
		{B2C40E1E-A763-4EB7-B8D4-BAE0F383F66E}.Release|Any CPU.ActiveCfg = Release|Any CPU
		{B2C40E1E-A763-4EB7-B8D4-BAE0F383F66E}.Release|Any CPU.Build.0 = Release|Any CPU
		{C65D4BCE-BA6F-4447-931D-10E1237B573A}.Debug|Any CPU.ActiveCfg = Debug|Any CPU
		{C65D4BCE-BA6F-4447-931D-10E1237B573A}.Debug|Any CPU.Build.0 = Debug|Any CPU
		{C65D4BCE-BA6F-4447-931D-10E1237B573A}.Release|Any CPU.ActiveCfg = Release|Any CPU
		{C65D4BCE-BA6F-4447-931D-10E1237B573A}.Release|Any CPU.Build.0 = Release|Any CPU
		{081E5B3C-EC9B-4D05-899B-8B5976F81AEF}.Debug|Any CPU.ActiveCfg = Debug|Any CPU
		{081E5B3C-EC9B-4D05-899B-8B5976F81AEF}.Debug|Any CPU.Build.0 = Debug|Any CPU
		{081E5B3C-EC9B-4D05-899B-8B5976F81AEF}.Release|Any CPU.ActiveCfg = Release|Any CPU
		{081E5B3C-EC9B-4D05-899B-8B5976F81AEF}.Release|Any CPU.Build.0 = Release|Any CPU
		{21B345EB-4DE5-44C9-86EF-B95A4858D221}.Debug|Any CPU.ActiveCfg = Debug|Any CPU
		{21B345EB-4DE5-44C9-86EF-B95A4858D221}.Debug|Any CPU.Build.0 = Debug|Any CPU
		{21B345EB-4DE5-44C9-86EF-B95A4858D221}.Release|Any CPU.ActiveCfg = Release|Any CPU
		{21B345EB-4DE5-44C9-86EF-B95A4858D221}.Release|Any CPU.Build.0 = Release|Any CPU
		{7FDB271D-CD7E-49A9-BE6F-7D9AC447D29D}.Debug|Any CPU.ActiveCfg = Debug|Any CPU
		{7FDB271D-CD7E-49A9-BE6F-7D9AC447D29D}.Debug|Any CPU.Build.0 = Debug|Any CPU
		{7FDB271D-CD7E-49A9-BE6F-7D9AC447D29D}.Release|Any CPU.ActiveCfg = Release|Any CPU
		{7FDB271D-CD7E-49A9-BE6F-7D9AC447D29D}.Release|Any CPU.Build.0 = Release|Any CPU
		{0792E390-0394-4AA9-865E-4603D1C65071}.Debug|Any CPU.ActiveCfg = Debug|Any CPU
		{0792E390-0394-4AA9-865E-4603D1C65071}.Debug|Any CPU.Build.0 = Debug|Any CPU
		{0792E390-0394-4AA9-865E-4603D1C65071}.Release|Any CPU.ActiveCfg = Release|Any CPU
		{0792E390-0394-4AA9-865E-4603D1C65071}.Release|Any CPU.Build.0 = Release|Any CPU
		{C6BB4141-1FD2-4BD3-B0C9-6E53EF05EF6A}.Debug|Any CPU.ActiveCfg = Debug|Any CPU
		{C6BB4141-1FD2-4BD3-B0C9-6E53EF05EF6A}.Debug|Any CPU.Build.0 = Debug|Any CPU
		{C6BB4141-1FD2-4BD3-B0C9-6E53EF05EF6A}.Release|Any CPU.ActiveCfg = Release|Any CPU
		{C6BB4141-1FD2-4BD3-B0C9-6E53EF05EF6A}.Release|Any CPU.Build.0 = Release|Any CPU
		{165C15BC-6484-490F-AB52-077BF7921DDF}.Debug|Any CPU.ActiveCfg = Debug|Any CPU
		{165C15BC-6484-490F-AB52-077BF7921DDF}.Debug|Any CPU.Build.0 = Debug|Any CPU
		{165C15BC-6484-490F-AB52-077BF7921DDF}.Release|Any CPU.ActiveCfg = Release|Any CPU
		{165C15BC-6484-490F-AB52-077BF7921DDF}.Release|Any CPU.Build.0 = Release|Any CPU
		{3FC4B785-8183-4433-990F-611197E8D821}.Debug|Any CPU.ActiveCfg = Debug|Any CPU
		{3FC4B785-8183-4433-990F-611197E8D821}.Debug|Any CPU.Build.0 = Debug|Any CPU
		{3FC4B785-8183-4433-990F-611197E8D821}.Release|Any CPU.ActiveCfg = Release|Any CPU
		{3FC4B785-8183-4433-990F-611197E8D821}.Release|Any CPU.Build.0 = Release|Any CPU
	EndGlobalSection
	GlobalSection(SolutionProperties) = preSolution
		HideSolutionNode = FALSE
	EndGlobalSection
	GlobalSection(NestedProjects) = preSolution
		{7FDB271D-CD7E-49A9-BE6F-7D9AC447D29D} = {3002D5C5-7BC3-4BD5-98CB-020B9DE7B802}
		{0792E390-0394-4AA9-865E-4603D1C65071} = {3002D5C5-7BC3-4BD5-98CB-020B9DE7B802}
		{C6BB4141-1FD2-4BD3-B0C9-6E53EF05EF6A} = {3002D5C5-7BC3-4BD5-98CB-020B9DE7B802}
		{165C15BC-6484-490F-AB52-077BF7921DDF} = {3002D5C5-7BC3-4BD5-98CB-020B9DE7B802}
		{3FC4B785-8183-4433-990F-611197E8D821} = {3002D5C5-7BC3-4BD5-98CB-020B9DE7B802}
	EndGlobalSection
	GlobalSection(ExtensibilityGlobals) = postSolution
		SolutionGuid = {0609381B-7ADA-43E9-8DD3-BE16E309F310}
	EndGlobalSection
EndGlobal
